{
  "lockfileVersion": 1,
  "configVersion": 1,
  "workspaces": {
    "": {
      "name": "blank-file-folder-dataset-creater",
      "dependencies": {
        "material-icon-theme": "^5.31.0",
      },
      "devDependencies": {
        "@types/bun": "latest",
      },
      "peerDependencies": {
        "typescript": "^5",
      },
    },
  },
  "packages": {
    "@types/bun": ["@types/bun@1.3.6", "", { "dependencies": { "bun-types": "1.3.6" } }, "sha512-uWCv6FO/8LcpREhenN1d1b6fcspAB+cefwD7uti8C8VffIv0Um08TKMn98FynpTiU38+y2dUO55T11NgDt8VAA=="],

    "@types/node": ["@types/node@25.0.9", "", { "dependencies": { "undici-types": "~7.16.0" } }, "sha512-/rpCXHlCWeqClNBwUhDcusJxXYDjZTyE8v5oTO7WbL8eij2nKhUeU89/6xgjU7N4/Vh3He0BtyhJdQbDyhiXAw=="],

    "bun-types": ["bun-types@1.3.6", "", { "dependencies": { "@types/node": "*" } }, "sha512-OlFwHcnNV99r//9v5IIOgQ9Uk37gZqrNMCcqEaExdkVq3Avwqok1bJFmvGMCkCE0FqzdY8VMOZpfpR3lwI+CsQ=="],

    "chroma-js": ["chroma-js@3.2.0", "", {}, "sha512-os/OippSlX1RlWWr+QDPcGUZs0uoqr32urfxESG9U93lhUfbnlyckte84Q8P1UQY/qth983AS1JONKmLS4T0nw=="],

    "deep-rename-keys": ["deep-rename-keys@0.2.1", "", { "dependencies": { "kind-of": "^3.0.2", "rename-keys": "^1.1.2" } }, "sha512-RHd9ABw4Fvk+gYDWqwOftG849x0bYOySl/RgX0tLI9i27ZIeSO91mLZJEp7oPHOMFqHvpgu21YptmDt0FYD/0A=="],

    "eventemitter3": ["eventemitter3@2.0.3", "", {}, "sha512-jLN68Dx5kyFHaePoXWPsCGW5qdyZQtLYHkxkg02/Mz6g0kYpDx4FyP6XfArhQdlOC4b8Mv+EMxPo/8La7Tzghg=="],

    "events": ["events@3.3.0", "", {}, "sha512-mQw+2fkQbALzQ7V0MY0IqdnXNOeTtP4r0lN9z7AAawCXgqea7bDii20AYrIBrFd/Hx0M2Ocz6S111CaFkUcb0Q=="],

    "fast-deep-equal": ["fast-deep-equal@3.1.3", "", {}, "sha512-f3qQ9oQy9j2AhBe/H9VC91wLmKBCCU/gDOnKNAYG5hswO7BLKj09Hc5HYNz9cGI++xlpDCIgDaitVs03ATR84Q=="],

    "is-buffer": ["is-buffer@1.1.6", "", {}, "sha512-NcdALwpXkTm5Zvvbk7owOUSvVvBKDgKP5/ewfXEznmQFfs4ZRmanOeKBTjRVjka3QFoN6XJ+9F3USqfHqTaU5w=="],

    "kind-of": ["kind-of@3.2.2", "", { "dependencies": { "is-buffer": "^1.1.5" } }, "sha512-NOW9QQXMoZGg/oqnVNoNTTIFEIid1627WCffUBJEdMxYApq7mNE7CpzucIPc+ZQg25Phej7IJSmX3hO+oblOtQ=="],

    "material-icon-theme": ["material-icon-theme@5.31.0", "", { "dependencies": { "chroma-js": "^3.1.2", "events": "^3.3.0", "fast-deep-equal": "^3.1.3", "svgson": "^5.3.1" } }, "sha512-PPeGSRa+8stQEKvCr2Xym9KIqf2SPwl1chc7cxbK+aY6ORpwOcowtARQEXstZBjQwXTE5GnfE0zg0MFFy+XPzA=="],

    "rename-keys": ["rename-keys@1.2.0", "", {}, "sha512-U7XpAktpbSgHTRSNRrjKSrjYkZKuhUukfoBlXWXUExCAqhzh1TU3BDRAfJmarcl5voKS+pbKU9MvyLWKZ4UEEg=="],

    "svgson": ["svgson@5.3.1", "", { "dependencies": { "deep-rename-keys": "^0.2.1", "xml-reader": "2.4.3" } }, "sha512-qdPgvUNWb40gWktBJnbJRelWcPzkLed/ShhnRsjbayXz8OtdPOzbil9jtiZdrYvSDumAz/VNQr6JaNfPx/gvPA=="],

    "typescript": ["typescript@5.9.3", "", { "bin": { "tsc": "bin/tsc", "tsserver": "bin/tsserver" } }, "sha512-jl1vZzPDinLr9eUt3J/t7V6FgNEw9QjvBPdysz9KfQDD41fQrC2Y4vKQdiaUpFT4bXlb1RHhLpp8wtm6M5TgSw=="],

    "undici-types": ["undici-types@7.16.0", "", {}, "sha512-Zz+aZWSj8LE6zoxD+xrjh4VfkIG8Ya6LvYkZqtUQGJPZjYl53ypCaUwWqo7eI0x66KBGeRo+mlBEkMSeSZ38Nw=="],

    "xml-lexer": ["xml-lexer@0.2.2", "", { "dependencies": { "eventemitter3": "^2.0.0" } }, "sha512-G0i98epIwiUEiKmMcavmVdhtymW+pCAohMRgybyIME9ygfVu8QheIi+YoQh3ngiThsT0SQzJT4R0sKDEv8Ou0w=="],

    "xml-reader": ["xml-reader@2.4.3", "", { "dependencies": { "eventemitter3": "^2.0.0", "xml-lexer": "^0.2.2" } }, "sha512-xWldrIxjeAMAu6+HSf9t50ot1uL5M+BtOidRCWHXIeewvSeIpscWCsp4Zxjk8kHHhdqFBrfK8U0EJeCcnyQ/gA=="],
  }
}
